
Microsoft Visual Studio Solution File, Format Version 12.00
# Visual Studio Version 17
VisualStudioVersion = 17.13.35931.197 d17.13
MinimumVisualStudioVersion = 10.0.40219.1
Project("{FAE04EC0-301F-11D3-BF4B-00C04F79EFBC}") = "Monitoring System", "Monitoring System.csproj", "{D2CB18EB-ECCC-4237-A13E-6B18BB6EE3BD}"
EndProject
Global
	GlobalSection(SolutionConfigurationPlatforms) = preSolution
		Debug|Any CPU = Debug|Any CPU
		Release|Any CPU = Release|Any CPU
	EndGlobalSection
	GlobalSection(ProjectConfigurationPlatforms) = postSolution
		{D2CB18EB-ECCC-4237-A13E-6B18BB6EE3BD}.Debug|Any CPU.ActiveCfg = Debug|Any CPU
		{D2CB18EB-ECCC-4237-A13E-6B18BB6EE3BD}.Debug|Any CPU.Build.0 = Debug|Any CPU
		{D2CB18EB-ECCC-4237-A13E-6B18BB6EE3BD}.Release|Any CPU.ActiveCfg = Release|Any CPU
		{D2CB18EB-ECCC-4237-A13E-6B18BB6EE3BD}.Release|Any CPU.Build.0 = Release|Any CPU
	EndGlobalSection
	GlobalSection(SolutionProperties) = preSolution
		HideSolutionNode = FALSE
	EndGlobalSection
	GlobalSection(ExtensibilityGlobals) = postSolution
		SolutionGuid = {632518BF-3B94-4E46-96DF-FF3400D659AF}
	EndGlobalSection
EndGlobal
